
Microsoft Visual Studio Solution File, Format Version 12.00
# Visual Studio Version 17
VisualStudioVersion = 17.9.34701.34
MinimumVisualStudioVersion = 10.0.40219.1
Project("{9A19103F-16F7-4668-BE54-9A1E7A4F7556}") = "lab7julia", "lab7julia\lab7julia.csproj", "{FE77490C-0980-4541-A527-55A9241F319E}"
EndProject
Project("{9A19103F-16F7-4668-BE54-9A1E7A4F7556}") = "lab7julia.Desktop", "lab7julia.Desktop\lab7julia.Desktop.csproj", "{89D2DA08-4518-4FCD-A152-13316442794A}"
EndProject
Global
	GlobalSection(SolutionConfigurationPlatforms) = preSolution
		Debug|Any CPU = Debug|Any CPU
		Release|Any CPU = Release|Any CPU
	EndGlobalSection
	GlobalSection(ProjectConfigurationPlatforms) = postSolution
		{FE77490C-0980-4541-A527-55A9241F319E}.Debug|Any CPU.ActiveCfg = Debug|Any CPU
		{FE77490C-0980-4541-A527-55A9241F319E}.Debug|Any CPU.Build.0 = Debug|Any CPU
		{FE77490C-0980-4541-A527-55A9241F319E}.Release|Any CPU.ActiveCfg = Release|Any CPU
		{FE77490C-0980-4541-A527-55A9241F319E}.Release|Any CPU.Build.0 = Release|Any CPU
		{89D2DA08-4518-4FCD-A152-13316442794A}.Debug|Any CPU.ActiveCfg = Debug|Any CPU
		{89D2DA08-4518-4FCD-A152-13316442794A}.Debug|Any CPU.Build.0 = Debug|Any CPU
		{89D2DA08-4518-4FCD-A152-13316442794A}.Release|Any CPU.ActiveCfg = Release|Any CPU
		{89D2DA08-4518-4FCD-A152-13316442794A}.Release|Any CPU.Build.0 = Release|Any CPU
	EndGlobalSection
	GlobalSection(SolutionProperties) = preSolution
		HideSolutionNode = FALSE
	EndGlobalSection
	GlobalSection(ExtensibilityGlobals) = postSolution
		SolutionGuid = {6E8E28E0-DC69-4BE9-A5C5-FAD30C5AA4A6}
	EndGlobalSection
EndGlobal
